Microsoft Visual Studio Solution File, Format Version 11.00
# Visual Studio 2010
Project("{8BC9CEB8-8B4A-11D0-8D11-00A0C91BC942}") = "ListUtils", "ListUtils.vcxproj", "{CF8F6379-5340-4494-8E59-2807ADF37B95}"
EndProject
Project("{2150E333-8FDC-42A3-9474-1A3956D46DE8}") = "Solution Items", "Solution Items", "{66B8A83B-C734-43DE-AE55-B04C16563952}"
	ProjectSection(SolutionItems) = preProject
		ListUtils.vsmdi = ListUtils.vsmdi
		Local.testsettings = Local.testsettings
		TraceAndTestImpact.testsettings = TraceAndTestImpact.testsettings
	EndProjectSection
EndProject
Global
	GlobalSection(TestCaseManagementSettings) = postSolution
		CategoryFile = ListUtils.vsmdi
	EndGlobalSection
	GlobalSection(SolutionConfigurationPlatforms) = preSolution
		Debug|Win32 = Debug|Win32
		Release|Win32 = Release|Win32
	EndGlobalSection
	GlobalSection(ProjectConfigurationPlatforms) = postSolution
		{CF8F6379-5340-4494-8E59-2807ADF37B95}.Debug|Win32.ActiveCfg = Debug|Win32
		{CF8F6379-5340-4494-8E59-2807ADF37B95}.Debug|Win32.Build.0 = Debug|Win32
		{CF8F6379-5340-4494-8E59-2807ADF37B95}.Release|Win32.ActiveCfg = Release|Win32
		{CF8F6379-5340-4494-8E59-2807ADF37B95}.Release|Win32.Build.0 = Release|Win32
	EndGlobalSection
	GlobalSection(SolutionProperties) = preSolution
		HideSolutionNode = FALSE
	EndGlobalSection
EndGlobal
